
Microsoft Visual Studio Solution File, Format Version 12.00
# Visual Studio 14
VisualStudioVersion = 14.0.25420.1
MinimumVisualStudioVersion = 10.0.40219.1
Project("{FAE04EC0-301F-11D3-BF4B-00C04F79EFBC}") = "itext.html2pdf", "itext.html2pdf.csproj", "{FF6BA09D-3655-466A-8C17-A7BFD3479CA1}"
EndProject
Project("{FAE04EC0-301F-11D3-BF4B-00C04F79EFBC}") = "itext.html2pdf.tests", "..\..\itext.tests\itext.html2pdf.tests\itext.html2pdf.tests.csproj", "{AE4E5743-0665-4705-9A33-07EA57CDD269}"
EndProject
Project("{FAE04EC0-301F-11D3-BF4B-00C04F79EFBC}") = "itext.styledxmlparser", "..\..\..\itextcore\itext\itext.styledxmlparser\itext.styledxmlparser.csproj", "{8636F290-00DF-403E-B841-E4BFD6D9CE7A}"
EndProject
Project("{FAE04EC0-301F-11D3-BF4B-00C04F79EFBC}") = "itext.svg", "..\..\..\itextcore\itext\itext.svg\itext.svg.csproj", "{DDEC35D2-5781-471D-5EA1-A6E433EDDB11}"
EndProject
Global
	GlobalSection(SolutionConfigurationPlatforms) = preSolution
		Debug|Any CPU = Debug|Any CPU
		Release|Any CPU = Release|Any CPU
	EndGlobalSection
	GlobalSection(ProjectConfigurationPlatforms) = postSolution
		{FF6BA09D-3655-466A-8C17-A7BFD3479CA1}.Debug|Any CPU.ActiveCfg = Debug|Any CPU
		{FF6BA09D-3655-466A-8C17-A7BFD3479CA1}.Debug|Any CPU.Build.0 = Debug|Any CPU
		{FF6BA09D-3655-466A-8C17-A7BFD3479CA1}.Release|Any CPU.ActiveCfg = Release|Any CPU
		{FF6BA09D-3655-466A-8C17-A7BFD3479CA1}.Release|Any CPU.Build.0 = Release|Any CPU
		{AE4E5743-0665-4705-9A33-07EA57CDD269}.Debug|Any CPU.ActiveCfg = Debug|Any CPU
		{AE4E5743-0665-4705-9A33-07EA57CDD269}.Debug|Any CPU.Build.0 = Debug|Any CPU
		{AE4E5743-0665-4705-9A33-07EA57CDD269}.Release|Any CPU.ActiveCfg = Release|Any CPU
		{AE4E5743-0665-4705-9A33-07EA57CDD269}.Release|Any CPU.Build.0 = Release|Any CPU
		{8636F290-00DF-403E-B841-E4BFD6D9CE7A}.Debug|Any CPU.ActiveCfg = Debug|Any CPU
		{8636F290-00DF-403E-B841-E4BFD6D9CE7A}.Debug|Any CPU.Build.0 = Debug|Any CPU
		{8636F290-00DF-403E-B841-E4BFD6D9CE7A}.Release|Any CPU.ActiveCfg = Release|Any CPU
		{8636F290-00DF-403E-B841-E4BFD6D9CE7A}.Release|Any CPU.Build.0 = Release|Any CPU
		{DDEC35D2-5781-471D-5EA1-A6E433EDDB11}.Debug|Any CPU.ActiveCfg = Debug|Any CPU
		{DDEC35D2-5781-471D-5EA1-A6E433EDDB11}.Debug|Any CPU.Build.0 = Debug|Any CPU
		{DDEC35D2-5781-471D-5EA1-A6E433EDDB11}.Release|Any CPU.ActiveCfg = Release|Any CPU
		{DDEC35D2-5781-471D-5EA1-A6E433EDDB11}.Release|Any CPU.Build.0 = Release|Any CPU
	EndGlobalSection
	GlobalSection(SolutionProperties) = preSolution
		HideSolutionNode = FALSE
	EndGlobalSection
EndGlobal
